
Microsoft Visual Studio Solution File, Format Version 12.00
# Visual Studio Version 16
VisualStudioVersion = 16.0.29306.81
MinimumVisualStudioVersion = 10.0.40219.1
Project("{FAE04EC0-301F-11D3-BF4B-00C04F79EFBC}") = "OhMy_thisIsGreat", "OhMy_thisIsGreat\OhMy_thisIsGreat.csproj", "{90089A45-9B01-46CD-BBB9-A557A5728729}"
EndProject
Global
	GlobalSection(SolutionConfigurationPlatforms) = preSolution
		Debug|Any CPU = Debug|Any CPU
		Release|Any CPU = Release|Any CPU
	EndGlobalSection
	GlobalSection(ProjectConfigurationPlatforms) = postSolution
		{90089A45-9B01-46CD-BBB9-A557A5728729}.Debug|Any CPU.ActiveCfg = Debug|Any CPU
		{90089A45-9B01-46CD-BBB9-A557A5728729}.Debug|Any CPU.Build.0 = Debug|Any CPU
		{90089A45-9B01-46CD-BBB9-A557A5728729}.Release|Any CPU.ActiveCfg = Release|Any CPU
		{90089A45-9B01-46CD-BBB9-A557A5728729}.Release|Any CPU.Build.0 = Release|Any CPU
	EndGlobalSection
	GlobalSection(SolutionProperties) = preSolution
		HideSolutionNode = FALSE
	EndGlobalSection
	GlobalSection(ExtensibilityGlobals) = postSolution
		SolutionGuid = {3548E4DC-E2AD-4E58-B3C6-101393658F0D}
	EndGlobalSection
EndGlobal
